
Microsoft Visual Studio Solution File, Format Version 12.00
# Visual Studio Version 17
VisualStudioVersion = 17.6.33829.357
MinimumVisualStudioVersion = 10.0.40219.1
Project("{8BC9CEB8-8B4A-11D0-8D11-00A0C91BC942}") = "PushBox", "PushBox\PushBox.vcxproj", "{241101BF-66C6-49FF-9607-9BF3932EC155}"
EndProject
Project("{8BC9CEB8-8B4A-11D0-8D11-00A0C91BC942}") = "PushBoxConsole", "PushBoxConsole\PushBoxConsole.vcxproj", "{D1D0E6BA-BFDA-4A9D-9A45-B9361571B68C}"
EndProject
Project("{8BC9CEB8-8B4A-11D0-8D11-00A0C91BC942}") = "EasyxGame", "EasyxGame\EasyxGame.vcxproj", "{493B006A-E522-40A4-AC68-92B4A8CD9F5A}"
EndProject
Project("{8BC9CEB8-8B4A-11D0-8D11-00A0C91BC942}") = "PushBoxEasyx", "PushBoxEasyx\PushBoxEasyx.vcxproj", "{45BB8474-CBFB-4DB9-9EC6-2FEA5A2E9A89}"
EndProject
Project("{8BC9CEB8-8B4A-11D0-8D11-00A0C91BC942}") = "PushBoxConsloeEasyx", "PushBoxConsloeEasyx\PushBoxConsloeEasyx.vcxproj", "{7002F60B-909A-4D3F-AD4A-68557DB45958}"
EndProject
Global
	GlobalSection(SolutionConfigurationPlatforms) = preSolution
		Debug|x64 = Debug|x64
		Debug|x86 = Debug|x86
		Release|x64 = Release|x64
		Release|x86 = Release|x86
	EndGlobalSection
	GlobalSection(ProjectConfigurationPlatforms) = postSolution
		{241101BF-66C6-49FF-9607-9BF3932EC155}.Debug|x64.ActiveCfg = Debug|x64
		{241101BF-66C6-49FF-9607-9BF3932EC155}.Debug|x64.Build.0 = Debug|x64
		{241101BF-66C6-49FF-9607-9BF3932EC155}.Debug|x86.ActiveCfg = Debug|Win32
		{241101BF-66C6-49FF-9607-9BF3932EC155}.Debug|x86.Build.0 = Debug|Win32
		{241101BF-66C6-49FF-9607-9BF3932EC155}.Release|x64.ActiveCfg = Release|x64
		{241101BF-66C6-49FF-9607-9BF3932EC155}.Release|x64.Build.0 = Release|x64
		{241101BF-66C6-49FF-9607-9BF3932EC155}.Release|x86.ActiveCfg = Release|Win32
		{241101BF-66C6-49FF-9607-9BF3932EC155}.Release|x86.Build.0 = Release|Win32
		{D1D0E6BA-BFDA-4A9D-9A45-B9361571B68C}.Debug|x64.ActiveCfg = Debug|x64
		{D1D0E6BA-BFDA-4A9D-9A45-B9361571B68C}.Debug|x64.Build.0 = Debug|x64
		{D1D0E6BA-BFDA-4A9D-9A45-B9361571B68C}.Debug|x86.ActiveCfg = Debug|Win32
		{D1D0E6BA-BFDA-4A9D-9A45-B9361571B68C}.Debug|x86.Build.0 = Debug|Win32
		{D1D0E6BA-BFDA-4A9D-9A45-B9361571B68C}.Release|x64.ActiveCfg = Release|x64
		{D1D0E6BA-BFDA-4A9D-9A45-B9361571B68C}.Release|x64.Build.0 = Release|x64
		{D1D0E6BA-BFDA-4A9D-9A45-B9361571B68C}.Release|x86.ActiveCfg = Release|Win32
		{D1D0E6BA-BFDA-4A9D-9A45-B9361571B68C}.Release|x86.Build.0 = Release|Win32
		{493B006A-E522-40A4-AC68-92B4A8CD9F5A}.Debug|x64.ActiveCfg = Debug|x64
		{493B006A-E522-40A4-AC68-92B4A8CD9F5A}.Debug|x64.Build.0 = Debug|x64
		{493B006A-E522-40A4-AC68-92B4A8CD9F5A}.Debug|x86.ActiveCfg = Debug|Win32
		{493B006A-E522-40A4-AC68-92B4A8CD9F5A}.Debug|x86.Build.0 = Debug|Win32
		{493B006A-E522-40A4-AC68-92B4A8CD9F5A}.Release|x64.ActiveCfg = Release|x64
		{493B006A-E522-40A4-AC68-92B4A8CD9F5A}.Release|x64.Build.0 = Release|x64
		{493B006A-E522-40A4-AC68-92B4A8CD9F5A}.Release|x86.ActiveCfg = Release|Win32
		{493B006A-E522-40A4-AC68-92B4A8CD9F5A}.Release|x86.Build.0 = Release|Win32
		{45BB8474-CBFB-4DB9-9EC6-2FEA5A2E9A89}.Debug|x64.ActiveCfg = Debug|x64
		{45BB8474-CBFB-4DB9-9EC6-2FEA5A2E9A89}.Debug|x64.Build.0 = Debug|x64
		{45BB8474-CBFB-4DB9-9EC6-2FEA5A2E9A89}.Debug|x86.ActiveCfg = Debug|Win32
		{45BB8474-CBFB-4DB9-9EC6-2FEA5A2E9A89}.Debug|x86.Build.0 = Debug|Win32
		{45BB8474-CBFB-4DB9-9EC6-2FEA5A2E9A89}.Release|x64.ActiveCfg = Release|x64
		{45BB8474-CBFB-4DB9-9EC6-2FEA5A2E9A89}.Release|x64.Build.0 = Release|x64
		{45BB8474-CBFB-4DB9-9EC6-2FEA5A2E9A89}.Release|x86.ActiveCfg = Release|Win32
		{45BB8474-CBFB-4DB9-9EC6-2FEA5A2E9A89}.Release|x86.Build.0 = Release|Win32
		{7002F60B-909A-4D3F-AD4A-68557DB45958}.Debug|x64.ActiveCfg = Debug|x64
		{7002F60B-909A-4D3F-AD4A-68557DB45958}.Debug|x64.Build.0 = Debug|x64
		{7002F60B-909A-4D3F-AD4A-68557DB45958}.Debug|x86.ActiveCfg = Debug|Win32
		{7002F60B-909A-4D3F-AD4A-68557DB45958}.Debug|x86.Build.0 = Debug|Win32
		{7002F60B-909A-4D3F-AD4A-68557DB45958}.Release|x64.ActiveCfg = Release|x64
		{7002F60B-909A-4D3F-AD4A-68557DB45958}.Release|x64.Build.0 = Release|x64
		{7002F60B-909A-4D3F-AD4A-68557DB45958}.Release|x86.ActiveCfg = Release|Win32
		{7002F60B-909A-4D3F-AD4A-68557DB45958}.Release|x86.Build.0 = Release|Win32
	EndGlobalSection
	GlobalSection(SolutionProperties) = preSolution
		HideSolutionNode = FALSE
	EndGlobalSection
	GlobalSection(ExtensibilityGlobals) = postSolution
		SolutionGuid = {ADED44E0-671B-4CAD-AE14-5553C0CBF847}
	EndGlobalSection
EndGlobal
